{
  "name": "3h-version",
  "version": "1.0.0",
  "lockfileVersion": 1,
  "requires": true,
  "dependencies": {
    "3h-cli": {
      "version": "1.4.0",
      "resolved": "https://registry.npmjs.org/3h-cli/-/3h-cli-1.4.0.tgz",
      "integrity": "sha512-jxEwg+g57lO0zL1Ja9HGztf8VTowWy6vmVkrYJaKdLaIVLCZFojIk0G3T76rD0NimjWWaLx4ZfD8Mfa/GfPoaw=="
    }
  }
}
