{
  "name": "3h-version",
  "version": "1.4.1",
  "lockfileVersion": 1,
  "requires": true,
  "dependencies": {
    "3h-cli": {
      "version": "1.4.1",
      "resolved": "https://registry.npmjs.org/3h-cli/-/3h-cli-1.4.1.tgz",
      "integrity": "sha512-vL2Y6gyluOecmxOnpAY950bJz5avx09fvVyo6UCcTM4js/DWDuLFgJSLc62FwkpyaR1WLlIC2OZgE12r5d1A3A=="
    },
    "3h-time": {
      "version": "0.1.2",
      "resolved": "https://registry.npmjs.org/3h-time/-/3h-time-0.1.2.tgz",
      "integrity": "sha512-HJ5UHdcDAvO84hpa0ygfh9gXy3JUhGvWo09LFnzqErncXqub+u4/gY784t+gP6FjVD3PRJNmEMF3vf+sv/h/EA=="
    }
  }
}
